
Microsoft Visual Studio Solution File, Format Version 12.00
# Visual Studio Version 17
VisualStudioVersion = 17.7.34024.191
MinimumVisualStudioVersion = 10.0.40219.1
Project("{9A19103F-16F7-4668-BE54-9A1E7A4F7556}") = "Week2", "Week2\Week2.csproj", "{34B7488B-A385-40A2-A0B7-6EC8D831959E}"
EndProject
Project("{9A19103F-16F7-4668-BE54-9A1E7A4F7556}") = "UserGenderValidation", "UserAgeValidation\UserGenderValidation.csproj", "{971CE02C-9256-4469-B6A5-D6F98E659E49}"
EndProject
Project("{FAE04EC0-301F-11D3-BF4B-00C04F79EFBC}") = "UserAgeValidation1", "UserAgeValidation1\UserAgeValidation1.csproj", "{01C33C68-03F4-4CBC-AA36-DFC920B99417}"
EndProject
Global
	GlobalSection(SolutionConfigurationPlatforms) = preSolution
		Debug|Any CPU = Debug|Any CPU
		Release|Any CPU = Release|Any CPU
	EndGlobalSection
	GlobalSection(ProjectConfigurationPlatforms) = postSolution
		{34B7488B-A385-40A2-A0B7-6EC8D831959E}.Debug|Any CPU.ActiveCfg = Debug|Any CPU
		{34B7488B-A385-40A2-A0B7-6EC8D831959E}.Debug|Any CPU.Build.0 = Debug|Any CPU
		{34B7488B-A385-40A2-A0B7-6EC8D831959E}.Release|Any CPU.ActiveCfg = Release|Any CPU
		{34B7488B-A385-40A2-A0B7-6EC8D831959E}.Release|Any CPU.Build.0 = Release|Any CPU
		{971CE02C-9256-4469-B6A5-D6F98E659E49}.Debug|Any CPU.ActiveCfg = Debug|Any CPU
		{971CE02C-9256-4469-B6A5-D6F98E659E49}.Debug|Any CPU.Build.0 = Debug|Any CPU
		{971CE02C-9256-4469-B6A5-D6F98E659E49}.Release|Any CPU.ActiveCfg = Release|Any CPU
		{971CE02C-9256-4469-B6A5-D6F98E659E49}.Release|Any CPU.Build.0 = Release|Any CPU
		{01C33C68-03F4-4CBC-AA36-DFC920B99417}.Debug|Any CPU.ActiveCfg = Debug|Any CPU
		{01C33C68-03F4-4CBC-AA36-DFC920B99417}.Debug|Any CPU.Build.0 = Debug|Any CPU
		{01C33C68-03F4-4CBC-AA36-DFC920B99417}.Release|Any CPU.ActiveCfg = Release|Any CPU
		{01C33C68-03F4-4CBC-AA36-DFC920B99417}.Release|Any CPU.Build.0 = Release|Any CPU
	EndGlobalSection
	GlobalSection(SolutionProperties) = preSolution
		HideSolutionNode = FALSE
	EndGlobalSection
	GlobalSection(ExtensibilityGlobals) = postSolution
		SolutionGuid = {9A40930D-A608-4793-97C6-F8FDF2DFA211}
	EndGlobalSection
EndGlobal
